
Microsoft Visual Studio Solution File, Format Version 12.00
# Visual Studio 15
VisualStudioVersion = 15.0.28307.106
MinimumVisualStudioVersion = 10.0.40219.1
Project("{FAE04EC0-301F-11D3-BF4B-00C04F79EFBC}") = "TechnikiInternetowe", "TechnikiInternetowe\TechnikiInternetowe.csproj", "{FBEE29E2-3775-4F21-8FFE-56B65927A99A}"
EndProject
Project("{FAE04EC0-301F-11D3-BF4B-00C04F79EFBC}") = "TechnikiInterentoweClient", "TechnikiInterentoweClient\TechnikiInterentoweClient.csproj", "{2498C9F4-C667-4059-BBA8-74E09CF26448}"
EndProject
Project("{E24C65DC-7377-472B-9ABA-BC803B73C61A}") = "TechnikiInternetoweWebClient", "TechnikiInternetoweWebClient\", "{1F641AF3-6778-448C-A80C-61949273C2CC}"
	ProjectSection(WebsiteProperties) = preProject
		TargetFrameworkMoniker = ".NETFramework,Version%3Dv4.0"
		Debug.AspNetCompiler.VirtualPath = "/localhost_53754"
		Debug.AspNetCompiler.PhysicalPath = "TechnikiInternetoweWebClient\"
		Debug.AspNetCompiler.TargetPath = "PrecompiledWeb\localhost_53754\"
		Debug.AspNetCompiler.Updateable = "true"
		Debug.AspNetCompiler.ForceOverwrite = "true"
		Debug.AspNetCompiler.FixedNames = "false"
		Debug.AspNetCompiler.Debug = "True"
		Release.AspNetCompiler.VirtualPath = "/localhost_53754"
		Release.AspNetCompiler.PhysicalPath = "TechnikiInternetoweWebClient\"
		Release.AspNetCompiler.TargetPath = "PrecompiledWeb\localhost_53754\"
		Release.AspNetCompiler.Updateable = "true"
		Release.AspNetCompiler.ForceOverwrite = "true"
		Release.AspNetCompiler.FixedNames = "false"
		Release.AspNetCompiler.Debug = "False"
		VWDPort = "53754"
		SlnRelativePath = "TechnikiInternetoweWebClient\"
	EndProjectSection
EndProject
Project("{2150E333-8FDC-42A3-9474-1A3956D46DE8}") = "Common", "Common", "{CC2CD8FC-64A9-441A-B4CC-9FAF88A1A9D4}"
	ProjectSection(SolutionItems) = preProject
		Common\DataTypes.cs = Common\DataTypes.cs
	EndProjectSection
EndProject
Global
	GlobalSection(SolutionConfigurationPlatforms) = preSolution
		Debug|Any CPU = Debug|Any CPU
		Release|Any CPU = Release|Any CPU
	EndGlobalSection
	GlobalSection(ProjectConfigurationPlatforms) = postSolution
		{FBEE29E2-3775-4F21-8FFE-56B65927A99A}.Debug|Any CPU.ActiveCfg = Debug|Any CPU
		{FBEE29E2-3775-4F21-8FFE-56B65927A99A}.Debug|Any CPU.Build.0 = Debug|Any CPU
		{FBEE29E2-3775-4F21-8FFE-56B65927A99A}.Release|Any CPU.ActiveCfg = Release|Any CPU
		{FBEE29E2-3775-4F21-8FFE-56B65927A99A}.Release|Any CPU.Build.0 = Release|Any CPU
		{2498C9F4-C667-4059-BBA8-74E09CF26448}.Debug|Any CPU.ActiveCfg = Debug|Any CPU
		{2498C9F4-C667-4059-BBA8-74E09CF26448}.Debug|Any CPU.Build.0 = Debug|Any CPU
		{2498C9F4-C667-4059-BBA8-74E09CF26448}.Release|Any CPU.ActiveCfg = Release|Any CPU
		{2498C9F4-C667-4059-BBA8-74E09CF26448}.Release|Any CPU.Build.0 = Release|Any CPU
		{1F641AF3-6778-448C-A80C-61949273C2CC}.Debug|Any CPU.ActiveCfg = Debug|Any CPU
		{1F641AF3-6778-448C-A80C-61949273C2CC}.Debug|Any CPU.Build.0 = Debug|Any CPU
		{1F641AF3-6778-448C-A80C-61949273C2CC}.Release|Any CPU.ActiveCfg = Debug|Any CPU
		{1F641AF3-6778-448C-A80C-61949273C2CC}.Release|Any CPU.Build.0 = Debug|Any CPU
	EndGlobalSection
	GlobalSection(SolutionProperties) = preSolution
		HideSolutionNode = FALSE
	EndGlobalSection
	GlobalSection(ExtensibilityGlobals) = postSolution
		SolutionGuid = {DBF3DAD1-6158-45B6-A987-41DCE9E238C0}
	EndGlobalSection
EndGlobal
